Microsoft Visual Studio Solution File, Format Version 12.00
# Visual Studio 15
VisualStudioVersion = 15.0.26228.9
MinimumVisualStudioVersion = 10.0.40219.1
Project("{FAE04EC0-301F-11D3-BF4B-00C04F79EFBC}") = "ClientUI", "ClientUI\ClientUI.csproj", "{D4DCF868-A625-4B0B-BB20-C150553A6548}"
EndProject
Project("{FAE04EC0-301F-11D3-BF4B-00C04F79EFBC}") = "Messages", "Messages\Messages.csproj", "{F6DE8266-1F56-4241-965C-2DDBB76CEC1E}"
EndProject
Project("{FAE04EC0-301F-11D3-BF4B-00C04F79EFBC}") = "Sales", "Sales\Sales.csproj", "{CD42E5DF-D4A7-4933-8017-1398B2E9560F}"
EndProject
Project("{FAE04EC0-301F-11D3-BF4B-00C04F79EFBC}") = "Billing", "Billing\Billing.csproj", "{9BF02A43-6D9D-4B49-A06D-603A66C6BCB5}"
EndProject
Project("{FAE04EC0-301F-11D3-BF4B-00C04F79EFBC}") = "Shipping", "Shipping\Shipping.csproj", "{41F0D809-8FA4-4139-9131-09441D69AFB1}"
EndProject
Project("{FAE04EC0-301F-11D3-BF4B-00C04F79EFBC}") = "ClassLibraryThatUsesSharePoint", "ClassLibraryThatUsesSharePoint\ClassLibraryThatUsesSharePoint.csproj", "{96D8F13E-EC69-483A-B42A-0DB5DF8FBCC8}"
EndProject
Project("{2150E333-8FDC-42A3-9474-1A3956D46DE8}") = "References", "References", "{01325B98-C311-4907-A1CB-2FB3C39C82B6}"
	ProjectSection(SolutionItems) = preProject
		References\ClassLibraryThatUsesSharePoint.dll = References\ClassLibraryThatUsesSharePoint.dll
		References\ClassLibraryThatUsesSharePoint.pdb = References\ClassLibraryThatUsesSharePoint.pdb
		References\ClientUI.exe = References\ClientUI.exe
		References\ClientUI.exe.config = References\ClientUI.exe.config
		References\ClientUI.pdb = References\ClientUI.pdb
		References\DocumentFormat.OpenXml.dll = References\DocumentFormat.OpenXml.dll
		References\DocumentFormat.OpenXml.xml = References\DocumentFormat.OpenXml.xml
		References\Messages.dll = References\Messages.dll
		References\Messages.pdb = References\Messages.pdb
		References\Microsoft.AnalysisServices.AdomdClient.dll = References\Microsoft.AnalysisServices.AdomdClient.dll
		References\Microsoft.BusinessData.dll = References\Microsoft.BusinessData.dll
		References\Microsoft.BusinessData.xml = References\Microsoft.BusinessData.xml
		References\Microsoft.Data.Edm.dll = References\Microsoft.Data.Edm.dll
		References\Microsoft.Data.Edm.xml = References\Microsoft.Data.Edm.xml
		References\Microsoft.Data.OData.dll = References\Microsoft.Data.OData.dll
		References\Microsoft.Data.OData.xml = References\Microsoft.Data.OData.xml
		References\Microsoft.IdentityModel.Extensions.dll = References\Microsoft.IdentityModel.Extensions.dll
		References\Microsoft.mshtml.dll = References\Microsoft.mshtml.dll
		References\Microsoft.Office.DocumentManagement.dll = References\Microsoft.Office.DocumentManagement.dll
		References\Microsoft.Office.DocumentManagement.xml = References\Microsoft.Office.DocumentManagement.xml
		References\Microsoft.Office.Policy.dll = References\Microsoft.Office.Policy.dll
		References\Microsoft.Office.Policy.xml = References\Microsoft.Office.Policy.xml
		References\Microsoft.Office.SecureStoreService.Server.Security.dll = References\Microsoft.Office.SecureStoreService.Server.Security.dll
		References\Microsoft.Office.Server.dll = References\Microsoft.Office.Server.dll
		References\Microsoft.Office.Server.Search.Applications.dll = References\Microsoft.Office.Server.Search.Applications.dll
		References\Microsoft.Office.Server.Search.Connector.dll = References\Microsoft.Office.Server.Search.Connector.dll
		References\Microsoft.Office.Server.Search.Connector.xml = References\Microsoft.Office.Server.Search.Connector.xml
		References\Microsoft.Office.Server.Search.dll = References\Microsoft.Office.Server.Search.dll
		References\Microsoft.Office.Server.Search.xml = References\Microsoft.Office.Server.Search.xml
		References\Microsoft.Office.Server.UserProfiles.dll = References\Microsoft.Office.Server.UserProfiles.dll
		References\Microsoft.Office.Server.UserProfiles.xml = References\Microsoft.Office.Server.UserProfiles.xml
		References\Microsoft.Office.Server.xml = References\Microsoft.Office.Server.xml
		References\Microsoft.SharePoint.Client.Directory.dll = References\Microsoft.SharePoint.Client.Directory.dll
		References\Microsoft.SharePoint.Client.dll = References\Microsoft.SharePoint.Client.dll
		References\Microsoft.SharePoint.Client.Runtime.dll = References\Microsoft.SharePoint.Client.Runtime.dll
		References\Microsoft.SharePoint.Client.Runtime.xml = References\Microsoft.SharePoint.Client.Runtime.xml
		References\Microsoft.SharePoint.Client.Search.dll = References\Microsoft.SharePoint.Client.Search.dll
		References\Microsoft.SharePoint.Client.ServerRuntime.dll = References\Microsoft.SharePoint.Client.ServerRuntime.dll
		References\Microsoft.SharePoint.Client.Taxonomy.dll = References\Microsoft.SharePoint.Client.Taxonomy.dll
		References\Microsoft.SharePoint.Client.UserProfiles.dll = References\Microsoft.SharePoint.Client.UserProfiles.dll
		References\Microsoft.SharePoint.Client.xml = References\Microsoft.SharePoint.Client.xml
		References\Microsoft.SharePoint.dll = References\Microsoft.SharePoint.dll
		References\Microsoft.SharePoint.Portal.dll = References\Microsoft.SharePoint.Portal.dll
		References\Microsoft.SharePoint.Portal.xml = References\Microsoft.SharePoint.Portal.xml
		References\Microsoft.SharePoint.Publishing.dll = References\Microsoft.SharePoint.Publishing.dll
		References\Microsoft.SharePoint.Publishing.xml = References\Microsoft.SharePoint.Publishing.xml
		References\Microsoft.SharePoint.Search.dll = References\Microsoft.SharePoint.Search.dll
		References\Microsoft.SharePoint.Search.Extended.Administration.Common.dll = References\Microsoft.SharePoint.Search.Extended.Administration.Common.dll
		References\Microsoft.SharePoint.Search.Extended.Administration.dll = References\Microsoft.SharePoint.Search.Extended.Administration.dll
		References\Microsoft.SharePoint.Search.Extended.Administration.ResourceStorage.dll = References\Microsoft.SharePoint.Search.Extended.Administration.ResourceStorage.dll
		References\Microsoft.SharePoint.Search.xml = References\Microsoft.SharePoint.Search.xml
		References\Microsoft.SharePoint.Security.dll = References\Microsoft.SharePoint.Security.dll
		References\Microsoft.SharePoint.Security.xml = References\Microsoft.SharePoint.Security.xml
		References\Microsoft.SharePoint.Taxonomy.dll = References\Microsoft.SharePoint.Taxonomy.dll
		References\Microsoft.SharePoint.Taxonomy.xml = References\Microsoft.SharePoint.Taxonomy.xml
		References\Microsoft.SharePoint.xml = References\Microsoft.SharePoint.xml
		References\Microsoft.Web.Administration.dll = References\Microsoft.Web.Administration.dll
		References\Microsoft.Web.CommandUI.dll = References\Microsoft.Web.CommandUI.dll
		References\Newtonsoft.Json.dll = References\Newtonsoft.Json.dll
		References\nsb_log_2017-06-01_0.txt = References\nsb_log_2017-06-01_0.txt
		References\NServiceBus.Core.dll = References\NServiceBus.Core.dll
		References\NServiceBus.Core.pdb = References\NServiceBus.Core.pdb
		References\NServiceBus.Core.xml = References\NServiceBus.Core.xml
		References\NServiceBus.Transport.SQLServer.dll = References\NServiceBus.Transport.SQLServer.dll
		References\NServiceBus.Transport.SQLServer.pdb = References\NServiceBus.Transport.SQLServer.pdb
		References\NServiceBus.Transport.SQLServer.xml = References\NServiceBus.Transport.SQLServer.xml
		References\System.Spatial.dll = References\System.Spatial.dll
		References\System.Spatial.xml = References\System.Spatial.xml
	EndProjectSection
EndProject
Global
	GlobalSection(SolutionConfigurationPlatforms) = preSolution
		Debug|Any CPU = Debug|Any CPU
		Release|Any CPU = Release|Any CPU
	EndGlobalSection
	GlobalSection(ProjectConfigurationPlatforms) = postSolution
		{D4DCF868-A625-4B0B-BB20-C150553A6548}.Debug|Any CPU.ActiveCfg = Debug|Any CPU
		{D4DCF868-A625-4B0B-BB20-C150553A6548}.Debug|Any CPU.Build.0 = Debug|Any CPU
		{D4DCF868-A625-4B0B-BB20-C150553A6548}.Release|Any CPU.ActiveCfg = Debug|Any CPU
		{D4DCF868-A625-4B0B-BB20-C150553A6548}.Release|Any CPU.Build.0 = Debug|Any CPU
		{F6DE8266-1F56-4241-965C-2DDBB76CEC1E}.Debug|Any CPU.ActiveCfg = Debug|Any CPU
		{F6DE8266-1F56-4241-965C-2DDBB76CEC1E}.Debug|Any CPU.Build.0 = Debug|Any CPU
		{F6DE8266-1F56-4241-965C-2DDBB76CEC1E}.Release|Any CPU.ActiveCfg = Debug|Any CPU
		{F6DE8266-1F56-4241-965C-2DDBB76CEC1E}.Release|Any CPU.Build.0 = Debug|Any CPU
		{CD42E5DF-D4A7-4933-8017-1398B2E9560F}.Debug|Any CPU.ActiveCfg = Debug|Any CPU
		{CD42E5DF-D4A7-4933-8017-1398B2E9560F}.Debug|Any CPU.Build.0 = Debug|Any CPU
		{CD42E5DF-D4A7-4933-8017-1398B2E9560F}.Release|Any CPU.ActiveCfg = Debug|Any CPU
		{CD42E5DF-D4A7-4933-8017-1398B2E9560F}.Release|Any CPU.Build.0 = Debug|Any CPU
		{9BF02A43-6D9D-4B49-A06D-603A66C6BCB5}.Debug|Any CPU.ActiveCfg = Debug|Any CPU
		{9BF02A43-6D9D-4B49-A06D-603A66C6BCB5}.Debug|Any CPU.Build.0 = Debug|Any CPU
		{9BF02A43-6D9D-4B49-A06D-603A66C6BCB5}.Release|Any CPU.ActiveCfg = Debug|Any CPU
		{9BF02A43-6D9D-4B49-A06D-603A66C6BCB5}.Release|Any CPU.Build.0 = Debug|Any CPU
		{41F0D809-8FA4-4139-9131-09441D69AFB1}.Debug|Any CPU.ActiveCfg = Debug|Any CPU
		{41F0D809-8FA4-4139-9131-09441D69AFB1}.Debug|Any CPU.Build.0 = Debug|Any CPU
		{41F0D809-8FA4-4139-9131-09441D69AFB1}.Release|Any CPU.ActiveCfg = Debug|Any CPU
		{41F0D809-8FA4-4139-9131-09441D69AFB1}.Release|Any CPU.Build.0 = Debug|Any CPU
		{96D8F13E-EC69-483A-B42A-0DB5DF8FBCC8}.Debug|Any CPU.ActiveCfg = Debug|Any CPU
		{96D8F13E-EC69-483A-B42A-0DB5DF8FBCC8}.Debug|Any CPU.Build.0 = Debug|Any CPU
		{96D8F13E-EC69-483A-B42A-0DB5DF8FBCC8}.Release|Any CPU.ActiveCfg = Release|Any CPU
		{96D8F13E-EC69-483A-B42A-0DB5DF8FBCC8}.Release|Any CPU.Build.0 = Release|Any CPU
	EndGlobalSection
	GlobalSection(SolutionProperties) = preSolution
		HideSolutionNode = FALSE
	EndGlobalSection
EndGlobal
